// !$*UTF8*$!
{
	archiveVersion = 1;
	classes = {
	};
	objectVersion = 56;
	objects = {

/* Begin PBXBuildFile section */
		8424332D2B166C7A002E1B29 /* StatsView.swift in Sources */ = {isa = PBXBuildFile; fileRef = 8424332C2B166C7A002E1B29 /* StatsView.swift */; };
		8424332F2B166D53002E1B29 /* StatsViewController.swift in Sources */ = {isa = PBXBuildFile; fileRef = 8424332E2B166D53002E1B29 /* StatsViewController.swift */; };
		842433312B1670DA002E1B29 /* NewStreakView.swift in Sources */ = {isa = PBXBuildFile; fileRef = 842433302B1670DA002E1B29 /* NewStreakView.swift */; };
		842433332B16711B002E1B29 /* NewStreakViewController.swift in Sources */ = {isa = PBXBuildFile; fileRef = 842433322B16711B002E1B29 /* NewStreakViewController.swift */; };
		842433362B16761C002E1B29 /* NewStreakCell.swift in Sources */ = {isa = PBXBuildFile; fileRef = 842433352B16761C002E1B29 /* NewStreakCell.swift */; };
		84394AD92B12700300ADB9B6 /* SettingsViewController.swift in Sources */ = {isa = PBXBuildFile; fileRef = 84394AD82B12700300ADB9B6 /* SettingsViewController.swift */; };
		84394ADC2B12704500ADB9B6 /* SettingsScreenView.swift in Sources */ = {isa = PBXBuildFile; fileRef = 84394ADB2B12704500ADB9B6 /* SettingsScreenView.swift */; };
		84B1D8DA2B13B9410068BC12 /* SizeHelper.swift in Sources */ = {isa = PBXBuildFile; fileRef = 84B1D8D92B13B9410068BC12 /* SizeHelper.swift */; };
		84B1D8DC2B13B9760068BC12 /* Double.swift in Sources */ = {isa = PBXBuildFile; fileRef = 84B1D8DB2B13B9760068BC12 /* Double.swift */; };
		84B1D8E42B13BA8D0068BC12 /* ProfileView.swift in Sources */ = {isa = PBXBuildFile; fileRef = 84B1D8E32B13BA8D0068BC12 /* ProfileView.swift */; };
		84B1D8E62B13BAD30068BC12 /* ProfileViewController.swift in Sources */ = {isa = PBXBuildFile; fileRef = 84B1D8E52B13BAD30068BC12 /* ProfileViewController.swift */; };
		84B1D8E92B13C3DA0068BC12 /* ProfileCollectionViewCell.swift in Sources */ = {isa = PBXBuildFile; fileRef = 84B1D8E82B13C3DA0068BC12 /* ProfileCollectionViewCell.swift */; };
		84B1D8F62B13D2910068BC12 /* ProfileModel.swift in Sources */ = {isa = PBXBuildFile; fileRef = 84B1D8F52B13D2910068BC12 /* ProfileModel.swift */; };
		84B1D8F82B13D8C50068BC12 /* SettingsData.swift in Sources */ = {isa = PBXBuildFile; fileRef = 84B1D8F72B13D8C50068BC12 /* SettingsData.swift */; };
		84C305AB2B1203200007A1AE /* RootNavigaionViewController.swift in Sources */ = {isa = PBXBuildFile; fileRef = 84C305AA2B1203200007A1AE /* RootNavigaionViewController.swift */; };
		84C305BB2B120A4D0007A1AE /* DataBaseManager.swift in Sources */ = {isa = PBXBuildFile; fileRef = 84C305BA2B120A4D0007A1AE /* DataBaseManager.swift */; };
		84C305BD2B124FB00007A1AE /* MainView.swift in Sources */ = {isa = PBXBuildFile; fileRef = 84C305BC2B124FB00007A1AE /* MainView.swift */; };
		84C305BF2B1250890007A1AE /* Colors.xcassets in Resources */ = {isa = PBXBuildFile; fileRef = 84C305BE2B1250880007A1AE /* Colors.xcassets */; };
		84C305C22B1251160007A1AE /* UIcolor + ext.swift in Sources */ = {isa = PBXBuildFile; fileRef = 84C305C12B1251160007A1AE /* UIcolor + ext.swift */; };
		84C305D32B1256400007A1AE /* Localizable.strings in Resources */ = {isa = PBXBuildFile; fileRef = 84C305D52B1256400007A1AE /* Localizable.strings */; };
		84C305DC2B1256A70007A1AE /* String + ext.swift in Sources */ = {isa = PBXBuildFile; fileRef = 84C305DB2B1256A70007A1AE /* String + ext.swift */; };
		84C633EE2B1535C300366164 /* Reusable + cell.swift in Sources */ = {isa = PBXBuildFile; fileRef = 84C633ED2B1535C300366164 /* Reusable + cell.swift */; };
		84C633F02B15388800366164 /* UIimage.swift in Sources */ = {isa = PBXBuildFile; fileRef = 84C633EF2B15388800366164 /* UIimage.swift */; };
		E40D488E2AF3F763002BE721 /* HabitsCollectionViewController.swift in Sources */ = {isa = PBXBuildFile; fileRef = E40D488D2AF3F763002BE721 /* HabitsCollectionViewController.swift */; };
		E40FE60D2B84DC88004551F3 /* CreateNewStreakView.swift in Sources */ = {isa = PBXBuildFile; fileRef = E40FE60C2B84DC88004551F3 /* CreateNewStreakView.swift */; };
		E40FE6112B84DEB9004551F3 /* CreateNewStreakViewController.swift in Sources */ = {isa = PBXBuildFile; fileRef = E40FE6102B84DEB9004551F3 /* CreateNewStreakViewController.swift */; };
		E40FE6142B84E123004551F3 /* NewStreakModel.swift in Sources */ = {isa = PBXBuildFile; fileRef = E40FE6132B84E123004551F3 /* NewStreakModel.swift */; };
		E4322B3B2AFAD52800312750 /* emptySpace.svg in Resources */ = {isa = PBXBuildFile; fileRef = E4322B3A2AFAD52800312750 /* emptySpace.svg */; };
		E4322B492AFAFFA000312750 /* emptyCell.svg in Resources */ = {isa = PBXBuildFile; fileRef = E4322B482AFAFFA000312750 /* emptyCell.svg */; };
		E4322B4D2AFB102600312750 /* cross.svg in Resources */ = {isa = PBXBuildFile; fileRef = E4322B4C2AFB102600312750 /* cross.svg */; };
		E45E28E42AF17D6300104C32 /* SnapKit in Frameworks */ = {isa = PBXBuildFile; productRef = E45E28E32AF17D6300104C32 /* SnapKit */; };
		E45E28E92AF1C6A100104C32 /* Lottie in Frameworks */ = {isa = PBXBuildFile; productRef = E45E28E82AF1C6A100104C32 /* Lottie */; };
		E45E28EC2AF1C82800104C32 /* confetti.json in Resources */ = {isa = PBXBuildFile; fileRef = E45E28EB2AF1C82800104C32 /* confetti.json */; };
		E45E28EE2AF1D59800104C32 /* ConfettiAnimationManager.swift in Sources */ = {isa = PBXBuildFile; fileRef = E45E28ED2AF1D59800104C32 /* ConfettiAnimationManager.swift */; };
		E48BFFC52B7221D600B922F2 /* MainModel.swift in Sources */ = {isa = PBXBuildFile; fileRef = E48BFFC42B7221D600B922F2 /* MainModel.swift */; };
		E4BDDB572AF7BCF400AF25D4 /* PocketSVG in Frameworks */ = {isa = PBXBuildFile; productRef = E4BDDB562AF7BCF400AF25D4 /* PocketSVG */; };
		E4BDDB5C2AF7CE5A00AF25D4 /* progressView.svg in Resources */ = {isa = PBXBuildFile; fileRef = E4BDDB582AF7CE5A00AF25D4 /* progressView.svg */; };
		E4BDDB5D2AF7CE5A00AF25D4 /* completedWithNoLine.svg in Resources */ = {isa = PBXBuildFile; fileRef = E4BDDB592AF7CE5A00AF25D4 /* completedWithNoLine.svg */; };
		E4BDDB5E2AF7CE5A00AF25D4 /* notCompleted.svg in Resources */ = {isa = PBXBuildFile; fileRef = E4BDDB5A2AF7CE5A00AF25D4 /* notCompleted.svg */; };
		E4C003EE2B63F5210042192A /* HabitsModel.swift in Sources */ = {isa = PBXBuildFile; fileRef = E4C003ED2B63F5210042192A /* HabitsModel.swift */; };
		E4E720352B83D505009D26EF /* RealmSwift in Frameworks */ = {isa = PBXBuildFile; productRef = E4E720342B83D505009D26EF /* RealmSwift */; };
		E4E90A2E2AF2F68F003B90D5 /* HabitCellModel.swift in Sources */ = {isa = PBXBuildFile; fileRef = E4E90A2D2AF2F68F003B90D5 /* HabitCellModel.swift */; };
		E4FF3D472AF01BA6009C0C15 /* AppDelegate.swift in Sources */ = {isa = PBXBuildFile; fileRef = E4FF3D462AF01BA6009C0C15 /* AppDelegate.swift */; };
		E4FF3D4B2AF01BA6009C0C15 /* MainViewController.swift in Sources */ = {isa = PBXBuildFile; fileRef = E4FF3D4A2AF01BA6009C0C15 /* MainViewController.swift */; };
		E4FF3D502AF01BA7009C0C15 /* Assets.xcassets in Resources */ = {isa = PBXBuildFile; fileRef = E4FF3D4F2AF01BA7009C0C15 /* Assets.xcassets */; };
		E4FF3D532AF01BA7009C0C15 /* LaunchScreen.storyboard in Resources */ = {isa = PBXBuildFile; fileRef = E4FF3D512AF01BA7009C0C15 /* LaunchScreen.storyboard */; };
		E4FF3D5B2AF01EDE009C0C15 /* CustomButton.swift in Sources */ = {isa = PBXBuildFile; fileRef = E4FF3D5A2AF01EDE009C0C15 /* CustomButton.swift */; };
		E4FF3D5D2AF05CA0009C0C15 /* ButtonLabel.swift in Sources */ = {isa = PBXBuildFile; fileRef = E4FF3D5C2AF05CA0009C0C15 /* ButtonLabel.swift */; };
/* End PBXBuildFile section */

/* Begin PBXFileReference section */
		8424332C2B166C7A002E1B29 /* StatsView.swift */ = {isa = PBXFileReference; lastKnownFileType = sourcecode.swift; path = StatsView.swift; sourceTree = "<group>"; };
		8424332E2B166D53002E1B29 /* StatsViewController.swift */ = {isa = PBXFileReference; lastKnownFileType = sourcecode.swift; path = StatsViewController.swift; sourceTree = "<group>"; };
		842433302B1670DA002E1B29 /* NewStreakView.swift */ = {isa = PBXFileReference; lastKnownFileType = sourcecode.swift; path = NewStreakView.swift; sourceTree = "<group>"; };
		842433322B16711B002E1B29 /* NewStreakViewController.swift */ = {isa = PBXFileReference; lastKnownFileType = sourcecode.swift; path = NewStreakViewController.swift; sourceTree = "<group>"; };
		842433352B16761C002E1B29 /* NewStreakCell.swift */ = {isa = PBXFileReference; lastKnownFileType = sourcecode.swift; path = NewStreakCell.swift; sourceTree = "<group>"; };
		84394AD82B12700300ADB9B6 /* SettingsViewController.swift */ = {isa = PBXFileReference; lastKnownFileType = sourcecode.swift; path = SettingsViewController.swift; sourceTree = "<group>"; };
		84394ADB2B12704500ADB9B6 /* SettingsScreenView.swift */ = {isa = PBXFileReference; lastKnownFileType = sourcecode.swift; path = SettingsScreenView.swift; sourceTree = "<group>"; };
		84B1D8D92B13B9410068BC12 /* SizeHelper.swift */ = {isa = PBXFileReference; lastKnownFileType = sourcecode.swift; path = SizeHelper.swift; sourceTree = "<group>"; };
		84B1D8DB2B13B9760068BC12 /* Double.swift */ = {isa = PBXFileReference; lastKnownFileType = sourcecode.swift; path = Double.swift; sourceTree = "<group>"; };
		84B1D8E32B13BA8D0068BC12 /* ProfileView.swift */ = {isa = PBXFileReference; lastKnownFileType = sourcecode.swift; path = ProfileView.swift; sourceTree = "<group>"; };
		84B1D8E52B13BAD30068BC12 /* ProfileViewController.swift */ = {isa = PBXFileReference; lastKnownFileType = sourcecode.swift; path = ProfileViewController.swift; sourceTree = "<group>"; };
		84B1D8E82B13C3DA0068BC12 /* ProfileCollectionViewCell.swift */ = {isa = PBXFileReference; lastKnownFileType = sourcecode.swift; path = ProfileCollectionViewCell.swift; sourceTree = "<group>"; };
		84B1D8F52B13D2910068BC12 /* ProfileModel.swift */ = {isa = PBXFileReference; lastKnownFileType = sourcecode.swift; path = ProfileModel.swift; sourceTree = "<group>"; };
		84B1D8F72B13D8C50068BC12 /* SettingsData.swift */ = {isa = PBXFileReference; lastKnownFileType = sourcecode.swift; path = SettingsData.swift; sourceTree = "<group>"; };
		84C305AA2B1203200007A1AE /* RootNavigaionViewController.swift */ = {isa = PBXFileReference; lastKnownFileType = sourcecode.swift; path = RootNavigaionViewController.swift; sourceTree = "<group>"; };
		84C305BA2B120A4D0007A1AE /* DataBaseManager.swift */ = {isa = PBXFileReference; lastKnownFileType = sourcecode.swift; path = DataBaseManager.swift; sourceTree = "<group>"; };
		84C305BC2B124FB00007A1AE /* MainView.swift */ = {isa = PBXFileReference; lastKnownFileType = sourcecode.swift; path = MainView.swift; sourceTree = "<group>"; };
		84C305BE2B1250880007A1AE /* Colors.xcassets */ = {isa = PBXFileReference; lastKnownFileType = folder.assetcatalog; path = Colors.xcassets; sourceTree = "<group>"; };
		84C305C12B1251160007A1AE /* UIcolor + ext.swift */ = {isa = PBXFileReference; lastKnownFileType = sourcecode.swift; path = "UIcolor + ext.swift"; sourceTree = "<group>"; };
		84C305D42B1256400007A1AE /* en */ = {isa = PBXFileReference; lastKnownFileType = text.plist.strings; name = en; path = en.lproj/Localizable.strings; sourceTree = "<group>"; };
		84C305DB2B1256A70007A1AE /* String + ext.swift */ = {isa = PBXFileReference; lastKnownFileType = sourcecode.swift; path = "String + ext.swift"; sourceTree = "<group>"; };
		84C305DF2B12589D0007A1AE /* uk */ = {isa = PBXFileReference; lastKnownFileType = text.plist.strings; name = uk; path = uk.lproj/LaunchScreen.strings; sourceTree = "<group>"; };
		84C305E02B12589D0007A1AE /* uk */ = {isa = PBXFileReference; lastKnownFileType = text.plist.strings; name = uk; path = uk.lproj/Localizable.strings; sourceTree = "<group>"; };
		84C305E12B1258B20007A1AE /* ru */ = {isa = PBXFileReference; lastKnownFileType = text.plist.strings; name = ru; path = ru.lproj/LaunchScreen.strings; sourceTree = "<group>"; };
		84C305E22B1258B20007A1AE /* ru */ = {isa = PBXFileReference; lastKnownFileType = text.plist.strings; name = ru; path = ru.lproj/Localizable.strings; sourceTree = "<group>"; };
		84C633ED2B1535C300366164 /* Reusable + cell.swift */ = {isa = PBXFileReference; lastKnownFileType = sourcecode.swift; path = "Reusable + cell.swift"; sourceTree = "<group>"; };
		84C633EF2B15388800366164 /* UIimage.swift */ = {isa = PBXFileReference; lastKnownFileType = sourcecode.swift; path = UIimage.swift; sourceTree = "<group>"; };
		E40D488D2AF3F763002BE721 /* HabitsCollectionViewController.swift */ = {isa = PBXFileReference; lastKnownFileType = sourcecode.swift; path = HabitsCollectionViewController.swift; sourceTree = "<group>"; };
		E40FE60C2B84DC88004551F3 /* CreateNewStreakView.swift */ = {isa = PBXFileReference; lastKnownFileType = sourcecode.swift; path = CreateNewStreakView.swift; sourceTree = "<group>"; };
		E40FE6102B84DEB9004551F3 /* CreateNewStreakViewController.swift */ = {isa = PBXFileReference; lastKnownFileType = sourcecode.swift; path = CreateNewStreakViewController.swift; sourceTree = "<group>"; };
		E40FE6132B84E123004551F3 /* NewStreakModel.swift */ = {isa = PBXFileReference; lastKnownFileType = sourcecode.swift; path = NewStreakModel.swift; sourceTree = "<group>"; };
		E4322B3A2AFAD52800312750 /* emptySpace.svg */ = {isa = PBXFileReference; fileEncoding = 4; lastKnownFileType = text; path = emptySpace.svg; sourceTree = "<group>"; };
		E4322B482AFAFFA000312750 /* emptyCell.svg */ = {isa = PBXFileReference; fileEncoding = 4; lastKnownFileType = text; path = emptyCell.svg; sourceTree = "<group>"; };
		E4322B4C2AFB102600312750 /* cross.svg */ = {isa = PBXFileReference; fileEncoding = 4; lastKnownFileType = text; path = cross.svg; sourceTree = "<group>"; };
		E45E28EB2AF1C82800104C32 /* confetti.json */ = {isa = PBXFileReference; fileEncoding = 4; lastKnownFileType = text.json; path = confetti.json; sourceTree = "<group>"; };
		E45E28ED2AF1D59800104C32 /* ConfettiAnimationManager.swift */ = {isa = PBXFileReference; lastKnownFileType = sourcecode.swift; path = ConfettiAnimationManager.swift; sourceTree = "<group>"; };
		E48BFFC42B7221D600B922F2 /* MainModel.swift */ = {isa = PBXFileReference; lastKnownFileType = sourcecode.swift; path = MainModel.swift; sourceTree = "<group>"; };
		E4BDDB582AF7CE5A00AF25D4 /* progressView.svg */ = {isa = PBXFileReference; fileEncoding = 4; lastKnownFileType = text; path = progressView.svg; sourceTree = "<group>"; };
		E4BDDB592AF7CE5A00AF25D4 /* completedWithNoLine.svg */ = {isa = PBXFileReference; fileEncoding = 4; lastKnownFileType = text; path = completedWithNoLine.svg; sourceTree = "<group>"; };
		E4BDDB5A2AF7CE5A00AF25D4 /* notCompleted.svg */ = {isa = PBXFileReference; fileEncoding = 4; lastKnownFileType = text; path = notCompleted.svg; sourceTree = "<group>"; };
		E4C003ED2B63F5210042192A /* HabitsModel.swift */ = {isa = PBXFileReference; lastKnownFileType = sourcecode.swift; path = HabitsModel.swift; sourceTree = "<group>"; };
		E4E90A2D2AF2F68F003B90D5 /* HabitCellModel.swift */ = {isa = PBXFileReference; lastKnownFileType = sourcecode.swift; path = HabitCellModel.swift; sourceTree = "<group>"; };
		E4FF3D432AF01BA5009C0C15 /* Streaker.app */ = {isa = PBXFileReference; explicitFileType = wrapper.application; includeInIndex = 0; path = Streaker.app; sourceTree = BUILT_PRODUCTS_DIR; };
		E4FF3D462AF01BA6009C0C15 /* AppDelegate.swift */ = {isa = PBXFileReference; lastKnownFileType = sourcecode.swift; path = AppDelegate.swift; sourceTree = "<group>"; };
		E4FF3D4A2AF01BA6009C0C15 /* MainViewController.swift */ = {isa = PBXFileReference; lastKnownFileType = sourcecode.swift; path = MainViewController.swift; sourceTree = "<group>"; };
		E4FF3D4F2AF01BA7009C0C15 /* Assets.xcassets */ = {isa = PBXFileReference; lastKnownFileType = folder.assetcatalog; path = Assets.xcassets; sourceTree = "<group>"; };
		E4FF3D522AF01BA7009C0C15 /* Base */ = {isa = PBXFileReference; lastKnownFileType = file.storyboard; name = Base; path = Base.lproj/LaunchScreen.storyboard; sourceTree = "<group>"; };
		E4FF3D542AF01BA7009C0C15 /* Info.plist */ = {isa = PBXFileReference; lastKnownFileType = text.plist.xml; path = Info.plist; sourceTree = "<group>"; };
		E4FF3D5A2AF01EDE009C0C15 /* CustomButton.swift */ = {isa = PBXFileReference; lastKnownFileType = sourcecode.swift; path = CustomButton.swift; sourceTree = "<group>"; };
		E4FF3D5C2AF05CA0009C0C15 /* ButtonLabel.swift */ = {isa = PBXFileReference; lastKnownFileType = sourcecode.swift; path = ButtonLabel.swift; sourceTree = "<group>"; };
/* End PBXFileReference section */

/* Begin PBXFrameworksBuildPhase section */
		E4FF3D402AF01BA5009C0C15 /* Frameworks */ = {
			isa = PBXFrameworksBuildPhase;
			buildActionMask = 2147483647;
			files = (
				E4E720352B83D505009D26EF /* RealmSwift in Frameworks */,
				E4BDDB572AF7BCF400AF25D4 /* PocketSVG in Frameworks */,
				E45E28E42AF17D6300104C32 /* SnapKit in Frameworks */,
				E45E28E92AF1C6A100104C32 /* Lottie in Frameworks */,
			);
			runOnlyForDeploymentPostprocessing = 0;
		};
/* End PBXFrameworksBuildPhase section */

/* Begin PBXGroup section */
		842433342B167607002E1B29 /* Cell */ = {
			isa = PBXGroup;
			children = (
				842433352B16761C002E1B29 /* NewStreakCell.swift */,
			);
			path = Cell;
			sourceTree = "<group>";
		};
		84394AD42B126FD800ADB9B6 /* Settings */ = {
			isa = PBXGroup;
			children = (
				84394AD72B126FED00ADB9B6 /* Model */,
				84394AD62B126FE600ADB9B6 /* View */,
				84394AD52B126FE000ADB9B6 /* Controller */,
			);
			path = Settings;
			sourceTree = "<group>";
		};
		84394AD52B126FE000ADB9B6 /* Controller */ = {
			isa = PBXGroup;
			children = (
				84394AD82B12700300ADB9B6 /* SettingsViewController.swift */,
			);
			path = Controller;
			sourceTree = "<group>";
		};
		84394AD62B126FE600ADB9B6 /* View */ = {
			isa = PBXGroup;
			children = (
				84394ADB2B12704500ADB9B6 /* SettingsScreenView.swift */,
			);
			path = View;
			sourceTree = "<group>";
		};
		84394AD72B126FED00ADB9B6 /* Model */ = {
			isa = PBXGroup;
			children = (
				84B1D8F72B13D8C50068BC12 /* SettingsData.swift */,
			);
			path = Model;
			sourceTree = "<group>";
		};
		84B1D8DE2B13BA640068BC12 /* Profile */ = {
			isa = PBXGroup;
			children = (
				84B1D8E12B13BA770068BC12 /* Model */,
				84B1D8E02B13BA700068BC12 /* Controller */,
				84B1D8DF2B13BA6B0068BC12 /* View */,
			);
			path = Profile;
			sourceTree = "<group>";
		};
		84B1D8DF2B13BA6B0068BC12 /* View */ = {
			isa = PBXGroup;
			children = (
				84B1D8E72B13BB5A0068BC12 /* Cell */,
				84B1D8E32B13BA8D0068BC12 /* ProfileView.swift */,
			);
			path = View;
			sourceTree = "<group>";
		};
		84B1D8E02B13BA700068BC12 /* Controller */ = {
			isa = PBXGroup;
			children = (
				84B1D8E52B13BAD30068BC12 /* ProfileViewController.swift */,
			);
			path = Controller;
			sourceTree = "<group>";
		};
		84B1D8E12B13BA770068BC12 /* Model */ = {
			isa = PBXGroup;
			children = (
				84B1D8F52B13D2910068BC12 /* ProfileModel.swift */,
			);
			path = Model;
			sourceTree = "<group>";
		};
		84B1D8E72B13BB5A0068BC12 /* Cell */ = {
			isa = PBXGroup;
			children = (
				84B1D8E82B13C3DA0068BC12 /* ProfileCollectionViewCell.swift */,
			);
			path = Cell;
			sourceTree = "<group>";
		};
		84B1D8EB2B13C4A70068BC12 /* NewStreak */ = {
			isa = PBXGroup;
			children = (
				E40FE6122B84E110004551F3 /* Model */,
				84B1D8EE2B13C4BB0068BC12 /* Controller */,
				84B1D8EC2B13C4B10068BC12 /* View */,
			);
			path = NewStreak;
			sourceTree = "<group>";
		};
		84B1D8EC2B13C4B10068BC12 /* View */ = {
			isa = PBXGroup;
			children = (
				842433342B167607002E1B29 /* Cell */,
				842433302B1670DA002E1B29 /* NewStreakView.swift */,
			);
			path = View;
			sourceTree = "<group>";
		};
		84B1D8EE2B13C4BB0068BC12 /* Controller */ = {
			isa = PBXGroup;
			children = (
				842433322B16711B002E1B29 /* NewStreakViewController.swift */,
			);
			path = Controller;
			sourceTree = "<group>";
		};
		84B1D8F12B13D16A0068BC12 /* StatsModule */ = {
			isa = PBXGroup;
			children = (
				84B1D8F42B13D1880068BC12 /* Model */,
				84B1D8F32B13D17C0068BC12 /* Controller */,
				84B1D8F22B13D1770068BC12 /* View */,
			);
			path = StatsModule;
			sourceTree = "<group>";
		};
		84B1D8F22B13D1770068BC12 /* View */ = {
			isa = PBXGroup;
			children = (
				8424332C2B166C7A002E1B29 /* StatsView.swift */,
			);
			path = View;
			sourceTree = "<group>";
		};
		84B1D8F32B13D17C0068BC12 /* Controller */ = {
			isa = PBXGroup;
			children = (
				8424332E2B166D53002E1B29 /* StatsViewController.swift */,
			);
			path = Controller;
			sourceTree = "<group>";
		};
		84B1D8F42B13D1880068BC12 /* Model */ = {
			isa = PBXGroup;
			children = (
			);
			path = Model;
			sourceTree = "<group>";
		};
		84C305A62B1202890007A1AE /* Modules */ = {
			isa = PBXGroup;
			children = (
				84B1D8F12B13D16A0068BC12 /* StatsModule */,
				84B1D8EB2B13C4A70068BC12 /* NewStreak */,
				E40FE60A2B84DC32004551F3 /* CreateNewStreak */,
				84B1D8DE2B13BA640068BC12 /* Profile */,
				84394AD42B126FD800ADB9B6 /* Settings */,
				84C305AC2B1207B70007A1AE /* MainFlow */,
			);
			path = Modules;
			sourceTree = "<group>";
		};
		84C305A72B1202940007A1AE /* Navigation */ = {
			isa = PBXGroup;
			children = (
				84C305AA2B1203200007A1AE /* RootNavigaionViewController.swift */,
			);
			path = Navigation;
			sourceTree = "<group>";
		};
		84C305A82B12029D0007A1AE /* Common */ = {
			isa = PBXGroup;
			children = (
				84C633EC2B1535A800366164 /* Protocols */,
				84C305C02B1250FA0007A1AE /* Extensions */,
				84C305B92B120A340007A1AE /* DataBase */,
				84C305B32B12090A0007A1AE /* ConfettiManager */,
				84C305B22B1208640007A1AE /* Helpers */,
				84C305B12B1208530007A1AE /* Components */,
			);
			path = Common;
			sourceTree = "<group>";
		};
		84C305A92B1202A40007A1AE /* Resourses */ = {
			isa = PBXGroup;
			children = (
				E45E28EA2AF1C80F00104C32 /* Assets */,
				E4FF3D4F2AF01BA7009C0C15 /* Assets.xcassets */,
				84C305D52B1256400007A1AE /* Localizable.strings */,
				84C305BE2B1250880007A1AE /* Colors.xcassets */,
				E4FF3D512AF01BA7009C0C15 /* LaunchScreen.storyboard */,
			);
			path = Resourses;
			sourceTree = "<group>";
		};
		84C305AC2B1207B70007A1AE /* MainFlow */ = {
			isa = PBXGroup;
			children = (
				84C305B42B12093F0007A1AE /* HabitsViewController */,
				84C305AD2B1207C10007A1AE /* MainController */,
			);
			path = MainFlow;
			sourceTree = "<group>";
		};
		84C305AD2B1207C10007A1AE /* MainController */ = {
			isa = PBXGroup;
			children = (
				84C305B02B1207E70007A1AE /* Model */,
				84C305AF2B1207E20007A1AE /* View */,
				84C305AE2B1207DA0007A1AE /* Controller */,
			);
			path = MainController;
			sourceTree = "<group>";
		};
		84C305AE2B1207DA0007A1AE /* Controller */ = {
			isa = PBXGroup;
			children = (
				E4FF3D4A2AF01BA6009C0C15 /* MainViewController.swift */,
			);
			path = Controller;
			sourceTree = "<group>";
		};
		84C305AF2B1207E20007A1AE /* View */ = {
			isa = PBXGroup;
			children = (
				84C305BC2B124FB00007A1AE /* MainView.swift */,
			);
			path = View;
			sourceTree = "<group>";
		};
		84C305B02B1207E70007A1AE /* Model */ = {
			isa = PBXGroup;
			children = (
				E48BFFC42B7221D600B922F2 /* MainModel.swift */,
			);
			path = Model;
			sourceTree = "<group>";
		};
		84C305B12B1208530007A1AE /* Components */ = {
			isa = PBXGroup;
			children = (
				E4FF3D5A2AF01EDE009C0C15 /* CustomButton.swift */,
				E4FF3D5C2AF05CA0009C0C15 /* ButtonLabel.swift */,
			);
			path = Components;
			sourceTree = "<group>";
		};
		84C305B22B1208640007A1AE /* Helpers */ = {
			isa = PBXGroup;
			children = (
			);
			path = Helpers;
			sourceTree = "<group>";
		};
		84C305B32B12090A0007A1AE /* ConfettiManager */ = {
			isa = PBXGroup;
			children = (
				E45E28ED2AF1D59800104C32 /* ConfettiAnimationManager.swift */,
			);
			path = ConfettiManager;
			sourceTree = "<group>";
		};
		84C305B42B12093F0007A1AE /* HabitsViewController */ = {
			isa = PBXGroup;
			children = (
				84C305B72B1209570007A1AE /* Model */,
				84C305B62B1209510007A1AE /* Controller */,
				84C305B52B12094C0007A1AE /* View */,
			);
			path = HabitsViewController;
			sourceTree = "<group>";
		};
		84C305B52B12094C0007A1AE /* View */ = {
			isa = PBXGroup;
			children = (
				84C305B82B1209B60007A1AE /* Cell */,
			);
			path = View;
			sourceTree = "<group>";
		};
		84C305B62B1209510007A1AE /* Controller */ = {
			isa = PBXGroup;
			children = (
				E40D488D2AF3F763002BE721 /* HabitsCollectionViewController.swift */,
			);
			path = Controller;
			sourceTree = "<group>";
		};
		84C305B72B1209570007A1AE /* Model */ = {
			isa = PBXGroup;
			children = (
				E4C003ED2B63F5210042192A /* HabitsModel.swift */,
			);
			path = Model;
			sourceTree = "<group>";
		};
		84C305B82B1209B60007A1AE /* Cell */ = {
			isa = PBXGroup;
			children = (
				E4E90A2D2AF2F68F003B90D5 /* HabitCellModel.swift */,
			);
			path = Cell;
			sourceTree = "<group>";
		};
		84C305B92B120A340007A1AE /* DataBase */ = {
			isa = PBXGroup;
			children = (
				84C305BA2B120A4D0007A1AE /* DataBaseManager.swift */,
			);
			path = DataBase;
			sourceTree = "<group>";
		};
		84C305C02B1250FA0007A1AE /* Extensions */ = {
			isa = PBXGroup;
			children = (
				84C305C12B1251160007A1AE /* UIcolor + ext.swift */,
				84C305DB2B1256A70007A1AE /* String + ext.swift */,
				84B1D8D92B13B9410068BC12 /* SizeHelper.swift */,
				84B1D8DB2B13B9760068BC12 /* Double.swift */,
				84C633EF2B15388800366164 /* UIimage.swift */,
			);
			path = Extensions;
			sourceTree = "<group>";
		};
		84C633EC2B1535A800366164 /* Protocols */ = {
			isa = PBXGroup;
			children = (
				84C633ED2B1535C300366164 /* Reusable + cell.swift */,
			);
			path = Protocols;
			sourceTree = "<group>";
		};
		E40FE60A2B84DC32004551F3 /* CreateNewStreak */ = {
			isa = PBXGroup;
			children = (
				E40FE60F2B84DE7C004551F3 /* Controller */,
				E40FE60E2B84DE59004551F3 /* Model */,
				E40FE60B2B84DC48004551F3 /* View */,
			);
			path = CreateNewStreak;
			sourceTree = "<group>";
		};
		E40FE60B2B84DC48004551F3 /* View */ = {
			isa = PBXGroup;
			children = (
				E40FE60C2B84DC88004551F3 /* CreateNewStreakView.swift */,
			);
			path = View;
			sourceTree = "<group>";
		};
		E40FE60E2B84DE59004551F3 /* Model */ = {
			isa = PBXGroup;
			children = (
			);
			path = Model;
			sourceTree = "<group>";
		};
		E40FE60F2B84DE7C004551F3 /* Controller */ = {
			isa = PBXGroup;
			children = (
				E40FE6102B84DEB9004551F3 /* CreateNewStreakViewController.swift */,
			);
			path = Controller;
			sourceTree = "<group>";
		};
		E40FE6122B84E110004551F3 /* Model */ = {
			isa = PBXGroup;
			children = (
				E40FE6132B84E123004551F3 /* NewStreakModel.swift */,
			);
			path = Model;
			sourceTree = "<group>";
		};
		E45E28EA2AF1C80F00104C32 /* Assets */ = {
			isa = PBXGroup;
			children = (
				E4322B4C2AFB102600312750 /* cross.svg */,
				E4322B482AFAFFA000312750 /* emptyCell.svg */,
				E4322B3A2AFAD52800312750 /* emptySpace.svg */,
				E4BDDB592AF7CE5A00AF25D4 /* completedWithNoLine.svg */,
				E4BDDB5A2AF7CE5A00AF25D4 /* notCompleted.svg */,
				E4BDDB582AF7CE5A00AF25D4 /* progressView.svg */,
				E45E28EB2AF1C82800104C32 /* confetti.json */,
			);
			path = Assets;
			sourceTree = "<group>";
		};
		E4FF3D3A2AF01BA5009C0C15 = {
			isa = PBXGroup;
			children = (
				E4FF3D452AF01BA5009C0C15 /* Streaker */,
				E4FF3D442AF01BA5009C0C15 /* Products */,
			);
			sourceTree = "<group>";
		};
		E4FF3D442AF01BA5009C0C15 /* Products */ = {
			isa = PBXGroup;
			children = (
				E4FF3D432AF01BA5009C0C15 /* Streaker.app */,
			);
			name = Products;
			sourceTree = "<group>";
		};
		E4FF3D452AF01BA5009C0C15 /* Streaker */ = {
			isa = PBXGroup;
			children = (
				E4FF3D542AF01BA7009C0C15 /* Info.plist */,
				E4FF3D462AF01BA6009C0C15 /* AppDelegate.swift */,
				84C305A62B1202890007A1AE /* Modules */,
				84C305A82B12029D0007A1AE /* Common */,
				84C305A72B1202940007A1AE /* Navigation */,
				84C305A92B1202A40007A1AE /* Resourses */,
			);
			path = Streaker;
			sourceTree = "<group>";
		};
/* End PBXGroup section */

/* Begin PBXNativeTarget section */
		E4FF3D422AF01BA5009C0C15 /* Streaker */ = {
			isa = PBXNativeTarget;
			buildConfigurationList = E4FF3D572AF01BA7009C0C15 /* Build configuration list for PBXNativeTarget "Streaker" */;
			buildPhases = (
				E4FF3D3F2AF01BA5009C0C15 /* Sources */,
				E4FF3D402AF01BA5009C0C15 /* Frameworks */,
				E4FF3D412AF01BA5009C0C15 /* Resources */,
			);
			buildRules = (
			);
			dependencies = (
			);
			name = Streaker;
			packageProductDependencies = (
				E45E28E32AF17D6300104C32 /* SnapKit */,
				E45E28E82AF1C6A100104C32 /* Lottie */,
				E4BDDB562AF7BCF400AF25D4 /* PocketSVG */,
				E4E720342B83D505009D26EF /* RealmSwift */,
			);
			productName = Streaker;
			productReference = E4FF3D432AF01BA5009C0C15 /* Streaker.app */;
			productType = "com.apple.product-type.application";
		};
/* End PBXNativeTarget section */

/* Begin PBXProject section */
		E4FF3D3B2AF01BA5009C0C15 /* Project object */ = {
			isa = PBXProject;
			attributes = {
				BuildIndependentTargetsInParallel = 1;
				LastSwiftUpdateCheck = 1430;
				LastUpgradeCheck = 1430;
				TargetAttributes = {
					E4FF3D422AF01BA5009C0C15 = {
						CreatedOnToolsVersion = 14.3.1;
					};
				};
			};
			buildConfigurationList = E4FF3D3E2AF01BA5009C0C15 /* Build configuration list for PBXProject "Streaker" */;
			compatibilityVersion = "Xcode 14.0";
			developmentRegion = en;
			hasScannedForEncodings = 0;
			knownRegions = (
				en,
				Base,
				uk,
				ru,
			);
			mainGroup = E4FF3D3A2AF01BA5009C0C15;
			packageReferences = (
				E45E28E22AF17D6300104C32 /* XCRemoteSwiftPackageReference "SnapKit" */,
				E45E28E72AF1C6A100104C32 /* XCRemoteSwiftPackageReference "lottie-spm" */,
				E4BDDB552AF7BCF400AF25D4 /* XCRemoteSwiftPackageReference "PocketSVG" */,
				E4E720332B83D505009D26EF /* XCRemoteSwiftPackageReference "realm-swift" */,
			);
			productRefGroup = E4FF3D442AF01BA5009C0C15 /* Products */;
			projectDirPath = "";
			projectRoot = "";
			targets = (
				E4FF3D422AF01BA5009C0C15 /* Streaker */,
			);
		};
/* End PBXProject section */

/* Begin PBXResourcesBuildPhase section */
		E4FF3D412AF01BA5009C0C15 /* Resources */ = {
			isa = PBXResourcesBuildPhase;
			buildActionMask = 2147483647;
			files = (
				E4FF3D532AF01BA7009C0C15 /* LaunchScreen.storyboard in Resources */,
				E4BDDB5E2AF7CE5A00AF25D4 /* notCompleted.svg in Resources */,
				E45E28EC2AF1C82800104C32 /* confetti.json in Resources */,
				E4322B492AFAFFA000312750 /* emptyCell.svg in Resources */,
				84C305D32B1256400007A1AE /* Localizable.strings in Resources */,
				E4322B3B2AFAD52800312750 /* emptySpace.svg in Resources */,
				84C305BF2B1250890007A1AE /* Colors.xcassets in Resources */,
				E4FF3D502AF01BA7009C0C15 /* Assets.xcassets in Resources */,
				E4BDDB5C2AF7CE5A00AF25D4 /* progressView.svg in Resources */,
				E4BDDB5D2AF7CE5A00AF25D4 /* completedWithNoLine.svg in Resources */,
				E4322B4D2AFB102600312750 /* cross.svg in Resources */,
			);
			runOnlyForDeploymentPostprocessing = 0;
		};
/* End PBXResourcesBuildPhase section */

/* Begin PBXSourcesBuildPhase section */
		E4FF3D3F2AF01BA5009C0C15 /* Sources */ = {
			isa = PBXSourcesBuildPhase;
			buildActionMask = 2147483647;
			files = (
				84C633F02B15388800366164 /* UIimage.swift in Sources */,
				84C633EE2B1535C300366164 /* Reusable + cell.swift in Sources */,
				E4C003EE2B63F5210042192A /* HabitsModel.swift in Sources */,
				E4FF3D5B2AF01EDE009C0C15 /* CustomButton.swift in Sources */,
				84C305BB2B120A4D0007A1AE /* DataBaseManager.swift in Sources */,
				84B1D8DC2B13B9760068BC12 /* Double.swift in Sources */,
				84B1D8F82B13D8C50068BC12 /* SettingsData.swift in Sources */,
				842433362B16761C002E1B29 /* NewStreakCell.swift in Sources */,
				E48BFFC52B7221D600B922F2 /* MainModel.swift in Sources */,
				E40D488E2AF3F763002BE721 /* HabitsCollectionViewController.swift in Sources */,
				84C305BD2B124FB00007A1AE /* MainView.swift in Sources */,
				E4FF3D5D2AF05CA0009C0C15 /* ButtonLabel.swift in Sources */,
				84B1D8E62B13BAD30068BC12 /* ProfileViewController.swift in Sources */,
				E40FE6112B84DEB9004551F3 /* CreateNewStreakViewController.swift in Sources */,
				84C305AB2B1203200007A1AE /* RootNavigaionViewController.swift in Sources */,
				E4FF3D4B2AF01BA6009C0C15 /* MainViewController.swift in Sources */,
				84B1D8DA2B13B9410068BC12 /* SizeHelper.swift in Sources */,
				842433332B16711B002E1B29 /* NewStreakViewController.swift in Sources */,
				84B1D8E42B13BA8D0068BC12 /* ProfileView.swift in Sources */,
				E45E28EE2AF1D59800104C32 /* ConfettiAnimationManager.swift in Sources */,
				84C305DC2B1256A70007A1AE /* String + ext.swift in Sources */,
				E40FE60D2B84DC88004551F3 /* CreateNewStreakView.swift in Sources */,
				E4FF3D472AF01BA6009C0C15 /* AppDelegate.swift in Sources */,
				E40FE6142B84E123004551F3 /* NewStreakModel.swift in Sources */,
				84394AD92B12700300ADB9B6 /* SettingsViewController.swift in Sources */,
				8424332F2B166D53002E1B29 /* StatsViewController.swift in Sources */,
				842433312B1670DA002E1B29 /* NewStreakView.swift in Sources */,
				84B1D8F62B13D2910068BC12 /* ProfileModel.swift in Sources */,
				84C305C22B1251160007A1AE /* UIcolor + ext.swift in Sources */,
				8424332D2B166C7A002E1B29 /* StatsView.swift in Sources */,
				84394ADC2B12704500ADB9B6 /* SettingsScreenView.swift in Sources */,
				84B1D8E92B13C3DA0068BC12 /* ProfileCollectionViewCell.swift in Sources */,
				E4E90A2E2AF2F68F003B90D5 /* HabitCellModel.swift in Sources */,
			);
			runOnlyForDeploymentPostprocessing = 0;
		};
/* End PBXSourcesBuildPhase section */

/* Begin PBXVariantGroup section */
		84C305D52B1256400007A1AE /* Localizable.strings */ = {
			isa = PBXVariantGroup;
			children = (
				84C305D42B1256400007A1AE /* en */,
				84C305E02B12589D0007A1AE /* uk */,
				84C305E22B1258B20007A1AE /* ru */,
			);
			name = Localizable.strings;
			sourceTree = "<group>";
		};
		E4FF3D512AF01BA7009C0C15 /* LaunchScreen.storyboard */ = {
			isa = PBXVariantGroup;
			children = (
				E4FF3D522AF01BA7009C0C15 /* Base */,
				84C305DF2B12589D0007A1AE /* uk */,
				84C305E12B1258B20007A1AE /* ru */,
			);
			name = LaunchScreen.storyboard;
			sourceTree = "<group>";
		};
/* End PBXVariantGroup section */

/* Begin XCBuildConfiguration section */
		E4FF3D552AF01BA7009C0C15 /* Debug */ = {
			isa = XCBuildConfiguration;
			buildSettings = {
				ALWAYS_SEARCH_USER_PATHS = NO;
				CLANG_ANALYZER_LOCALIZABILITY_NONLOCALIZED = YES;
				CLANG_ANALYZER_NONNULL = YES;
				CLANG_ANALYZER_NUMBER_OBJECT_CONVERSION = YES_AGGRESSIVE;
				CLANG_CXX_LANGUAGE_STANDARD = "gnu++20";
				CLANG_ENABLE_MODULES = YES;
				CLANG_ENABLE_OBJC_ARC = YES;
				CLANG_ENABLE_OBJC_WEAK = YES;
				CLANG_WARN_BLOCK_CAPTURE_AUTORELEASING = YES;
				CLANG_WARN_BOOL_CONVERSION = YES;
				CLANG_WARN_COMMA = YES;
				CLANG_WARN_CONSTANT_CONVERSION = YES;
				CLANG_WARN_DEPRECATED_OBJC_IMPLEMENTATIONS = YES;
				CLANG_WARN_DIRECT_OBJC_ISA_USAGE = YES_ERROR;
				CLANG_WARN_DOCUMENTATION_COMMENTS = YES;
				CLANG_WARN_EMPTY_BODY = YES;
				CLANG_WARN_ENUM_CONVERSION = YES;
				CLANG_WARN_INFINITE_RECURSION = YES;
				CLANG_WARN_INT_CONVERSION = YES;
				CLANG_WARN_NON_LITERAL_NULL_CONVERSION = YES;
				CLANG_WARN_OBJC_IMPLICIT_RETAIN_SELF = YES;
				CLANG_WARN_OBJC_LITERAL_CONVERSION = YES;
				CLANG_WARN_OBJC_ROOT_CLASS = YES_ERROR;
				CLANG_WARN_QUOTED_INCLUDE_IN_FRAMEWORK_HEADER = YES;
				CLANG_WARN_RANGE_LOOP_ANALYSIS = YES;
				CLANG_WARN_STRICT_PROTOTYPES = YES;
				CLANG_WARN_SUSPICIOUS_MOVE = YES;
				CLANG_WARN_UNGUARDED_AVAILABILITY = YES_AGGRESSIVE;
				CLANG_WARN_UNREACHABLE_CODE = YES;
				CLANG_WARN__DUPLICATE_METHOD_MATCH = YES;
				COPY_PHASE_STRIP = NO;
				DEBUG_INFORMATION_FORMAT = dwarf;
				ENABLE_STRICT_OBJC_MSGSEND = YES;
				ENABLE_TESTABILITY = YES;
				GCC_C_LANGUAGE_STANDARD = gnu11;
				GCC_DYNAMIC_NO_PIC = NO;
				GCC_NO_COMMON_BLOCKS = YES;
				GCC_OPTIMIZATION_LEVEL = 0;
				GCC_PREPROCESSOR_DEFINITIONS = (
					"DEBUG=1",
					"$(inherited)",
				);
				GCC_WARN_64_TO_32_BIT_CONVERSION = YES;
				GCC_WARN_ABOUT_RETURN_TYPE = YES_ERROR;
				GCC_WARN_UNDECLARED_SELECTOR = YES;
				GCC_WARN_UNINITIALIZED_AUTOS = YES_AGGRESSIVE;
				GCC_WARN_UNUSED_FUNCTION = YES;
				GCC_WARN_UNUSED_VARIABLE = YES;
				IPHONEOS_DEPLOYMENT_TARGET = 16.4;
				MTL_ENABLE_DEBUG_INFO = INCLUDE_SOURCE;
				MTL_FAST_MATH = YES;
				ONLY_ACTIVE_ARCH = YES;
				SDKROOT = iphoneos;
				SWIFT_ACTIVE_COMPILATION_CONDITIONS = DEBUG;
				SWIFT_OPTIMIZATION_LEVEL = "-Onone";
			};
			name = Debug;
		};
		E4FF3D562AF01BA7009C0C15 /* Release */ = {
			isa = XCBuildConfiguration;
			buildSettings = {
				ALWAYS_SEARCH_USER_PATHS = NO;
				CLANG_ANALYZER_LOCALIZABILITY_NONLOCALIZED = YES;
				CLANG_ANALYZER_NONNULL = YES;
				CLANG_ANALYZER_NUMBER_OBJECT_CONVERSION = YES_AGGRESSIVE;
				CLANG_CXX_LANGUAGE_STANDARD = "gnu++20";
				CLANG_ENABLE_MODULES = YES;
				CLANG_ENABLE_OBJC_ARC = YES;
				CLANG_ENABLE_OBJC_WEAK = YES;
				CLANG_WARN_BLOCK_CAPTURE_AUTORELEASING = YES;
				CLANG_WARN_BOOL_CONVERSION = YES;
				CLANG_WARN_COMMA = YES;
				CLANG_WARN_CONSTANT_CONVERSION = YES;
				CLANG_WARN_DEPRECATED_OBJC_IMPLEMENTATIONS = YES;
				CLANG_WARN_DIRECT_OBJC_ISA_USAGE = YES_ERROR;
				CLANG_WARN_DOCUMENTATION_COMMENTS = YES;
				CLANG_WARN_EMPTY_BODY = YES;
				CLANG_WARN_ENUM_CONVERSION = YES;
				CLANG_WARN_INFINITE_RECURSION = YES;
				CLANG_WARN_INT_CONVERSION = YES;
				CLANG_WARN_NON_LITERAL_NULL_CONVERSION = YES;
				CLANG_WARN_OBJC_IMPLICIT_RETAIN_SELF = YES;
				CLANG_WARN_OBJC_LITERAL_CONVERSION = YES;
				CLANG_WARN_OBJC_ROOT_CLASS = YES_ERROR;
				CLANG_WARN_QUOTED_INCLUDE_IN_FRAMEWORK_HEADER = YES;
				CLANG_WARN_RANGE_LOOP_ANALYSIS = YES;
				CLANG_WARN_STRICT_PROTOTYPES = YES;
				CLANG_WARN_SUSPICIOUS_MOVE = YES;
				CLANG_WARN_UNGUARDED_AVAILABILITY = YES_AGGRESSIVE;
				CLANG_WARN_UNREACHABLE_CODE = YES;
				CLANG_WARN__DUPLICATE_METHOD_MATCH = YES;
				COPY_PHASE_STRIP = NO;
				DEBUG_INFORMATION_FORMAT = "dwarf-with-dsym";
				ENABLE_NS_ASSERTIONS = NO;
				ENABLE_STRICT_OBJC_MSGSEND = YES;
				GCC_C_LANGUAGE_STANDARD = gnu11;
				GCC_NO_COMMON_BLOCKS = YES;
				GCC_WARN_64_TO_32_BIT_CONVERSION = YES;
				GCC_WARN_ABOUT_RETURN_TYPE = YES_ERROR;
				GCC_WARN_UNDECLARED_SELECTOR = YES;
				GCC_WARN_UNINITIALIZED_AUTOS = YES_AGGRESSIVE;
				GCC_WARN_UNUSED_FUNCTION = YES;
				GCC_WARN_UNUSED_VARIABLE = YES;
				IPHONEOS_DEPLOYMENT_TARGET = 16.4;
				MTL_ENABLE_DEBUG_INFO = NO;
				MTL_FAST_MATH = YES;
				SDKROOT = iphoneos;
				SWIFT_COMPILATION_MODE = wholemodule;
				SWIFT_OPTIMIZATION_LEVEL = "-O";
				VALIDATE_PRODUCT = YES;
			};
			name = Release;
		};
		E4FF3D582AF01BA7009C0C15 /* Debug */ = {
			isa = XCBuildConfiguration;
			buildSettings = {
				ASSETCATALOG_COMPILER_APPICON_NAME = AppIcon;
				ASSETCATALOG_COMPILER_GLOBAL_ACCENT_COLOR_NAME = AccentColor;
				CODE_SIGN_STYLE = Automatic;
				CURRENT_PROJECT_VERSION = 1;
				DEVELOPMENT_TEAM = 8Y853ZZQCJ;
				GENERATE_INFOPLIST_FILE = YES;
				INFOPLIST_FILE = Streaker/Info.plist;
				INFOPLIST_KEY_UIApplicationSupportsIndirectInputEvents = YES;
				INFOPLIST_KEY_UILaunchStoryboardName = LaunchScreen;
				INFOPLIST_KEY_UISupportedInterfaceOrientations_iPad = "UIInterfaceOrientationPortrait UIInterfaceOrientationPortraitUpsideDown UIInterfaceOrientationLandscapeLeft UIInterfaceOrientationLandscapeRight";
				INFOPLIST_KEY_UISupportedInterfaceOrientations_iPhone = "UIInterfaceOrientationPortrait UIInterfaceOrientationLandscapeLeft UIInterfaceOrientationLandscapeRight";
				IPHONEOS_DEPLOYMENT_TARGET = 15.0;
				LD_RUNPATH_SEARCH_PATHS = (
					"$(inherited)",
					"@executable_path/Frameworks",
				);
				MARKETING_VERSION = 1.0;
				PRODUCT_BUNDLE_IDENTIFIER = "a-a.mode.Streaker";
				PRODUCT_NAME = "$(TARGET_NAME)";
				SWIFT_EMIT_LOC_STRINGS = YES;
				SWIFT_VERSION = 5.0;
				TARGETED_DEVICE_FAMILY = "1,2";
			};
			name = Debug;
		};
		E4FF3D592AF01BA7009C0C15 /* Release */ = {
			isa = XCBuildConfiguration;
			buildSettings = {
				ASSETCATALOG_COMPILER_APPICON_NAME = AppIcon;
				ASSETCATALOG_COMPILER_GLOBAL_ACCENT_COLOR_NAME = AccentColor;
				CODE_SIGN_STYLE = Automatic;
				CURRENT_PROJECT_VERSION = 1;
				DEVELOPMENT_TEAM = 8Y853ZZQCJ;
				GENERATE_INFOPLIST_FILE = YES;
				INFOPLIST_FILE = Streaker/Info.plist;
				INFOPLIST_KEY_UIApplicationSupportsIndirectInputEvents = YES;
				INFOPLIST_KEY_UILaunchStoryboardName = LaunchScreen;
				INFOPLIST_KEY_UISupportedInterfaceOrientations_iPad = "UIInterfaceOrientationPortrait UIInterfaceOrientationPortraitUpsideDown UIInterfaceOrientationLandscapeLeft UIInterfaceOrientationLandscapeRight";
				INFOPLIST_KEY_UISupportedInterfaceOrientations_iPhone = "UIInterfaceOrientationPortrait UIInterfaceOrientationLandscapeLeft UIInterfaceOrientationLandscapeRight";
				IPHONEOS_DEPLOYMENT_TARGET = 15.0;
				LD_RUNPATH_SEARCH_PATHS = (
					"$(inherited)",
					"@executable_path/Frameworks",
				);
				MARKETING_VERSION = 1.0;
				PRODUCT_BUNDLE_IDENTIFIER = "a-a.mode.Streaker";
				PRODUCT_NAME = "$(TARGET_NAME)";
				SWIFT_EMIT_LOC_STRINGS = YES;
				SWIFT_VERSION = 5.0;
				TARGETED_DEVICE_FAMILY = "1,2";
			};
			name = Release;
		};
/* End XCBuildConfiguration section */

/* Begin XCConfigurationList section */
		E4FF3D3E2AF01BA5009C0C15 /* Build configuration list for PBXProject "Streaker" */ = {
			isa = XCConfigurationList;
			buildConfigurations = (
				E4FF3D552AF01BA7009C0C15 /* Debug */,
				E4FF3D562AF01BA7009C0C15 /* Release */,
			);
			defaultConfigurationIsVisible = 0;
			defaultConfigurationName = Release;
		};
		E4FF3D572AF01BA7009C0C15 /* Build configuration list for PBXNativeTarget "Streaker" */ = {
			isa = XCConfigurationList;
			buildConfigurations = (
				E4FF3D582AF01BA7009C0C15 /* Debug */,
				E4FF3D592AF01BA7009C0C15 /* Release */,
			);
			defaultConfigurationIsVisible = 0;
			defaultConfigurationName = Release;
		};
/* End XCConfigurationList section */

/* Begin XCRemoteSwiftPackageReference section */
		E45E28E22AF17D6300104C32 /* XCRemoteSwiftPackageReference "SnapKit" */ = {
			isa = XCRemoteSwiftPackageReference;
			repositoryURL = "https://github.com/SnapKit/SnapKit.git";
			requirement = {
				kind = upToNextMajorVersion;
				minimumVersion = 5.0.0;
			};
		};
		E45E28E72AF1C6A100104C32 /* XCRemoteSwiftPackageReference "lottie-spm" */ = {
			isa = XCRemoteSwiftPackageReference;
			repositoryURL = "https://github.com/airbnb/lottie-spm.git";
			requirement = {
				kind = upToNextMajorVersion;
				minimumVersion = 4.0.0;
			};
		};
		E4BDDB552AF7BCF400AF25D4 /* XCRemoteSwiftPackageReference "PocketSVG" */ = {
			isa = XCRemoteSwiftPackageReference;
			repositoryURL = "https://github.com/pocketsvg/PocketSVG.git";
			requirement = {
				kind = upToNextMajorVersion;
				minimumVersion = 2.0.0;
			};
		};
		E4E720332B83D505009D26EF /* XCRemoteSwiftPackageReference "realm-swift" */ = {
			isa = XCRemoteSwiftPackageReference;
			repositoryURL = "https://github.com/realm/realm-swift.git";
			requirement = {
				kind = upToNextMajorVersion;
				minimumVersion = 10.47.0;
			};
		};
/* End XCRemoteSwiftPackageReference section */

/* Begin XCSwiftPackageProductDependency section */
		E45E28E32AF17D6300104C32 /* SnapKit */ = {
			isa = XCSwiftPackageProductDependency;
			package = E45E28E22AF17D6300104C32 /* XCRemoteSwiftPackageReference "SnapKit" */;
			productName = SnapKit;
		};
		E45E28E82AF1C6A100104C32 /* Lottie */ = {
			isa = XCSwiftPackageProductDependency;
			package = E45E28E72AF1C6A100104C32 /* XCRemoteSwiftPackageReference "lottie-spm" */;
			productName = Lottie;
		};
		E4BDDB562AF7BCF400AF25D4 /* PocketSVG */ = {
			isa = XCSwiftPackageProductDependency;
			package = E4BDDB552AF7BCF400AF25D4 /* XCRemoteSwiftPackageReference "PocketSVG" */;
			productName = PocketSVG;
		};
		E4E720342B83D505009D26EF /* RealmSwift */ = {
			isa = XCSwiftPackageProductDependency;
			package = E4E720332B83D505009D26EF /* XCRemoteSwiftPackageReference "realm-swift" */;
			productName = RealmSwift;
		};
/* End XCSwiftPackageProductDependency section */
	};
	rootObject = E4FF3D3B2AF01BA5009C0C15 /* Project object */;
}
